# THIS FILE IS GENERATED. DO NOT EDIT.

[solution]
[solution.context]
solved = true
[[solution.state]]
crate = "aws"
fulfilment = "solved"
pinned = false
transitivity = "direct"
versions = "21.0.0"
[solution.state.release]
authors = [
"AdaCore",
]
description = "Ada Web Server"
licenses = "GPL-3.0-only WITH GCC-exception-3.1"
maintainers = [
"chouteau@adacore.com",
]
maintainers-logins = [
"Fabien-Chouteau",
]
name = "aws"
project-files = [
"install_dir/share/gpr/aws.gpr",
]
tags = [
"aws",
"web",
"server",
"http",
"https",
"soap",
"wsdl",
"ssl",
]
version = "21.0.0"
website = "https://github.com/adacore/aws"
[solution.state.release.gpr-externals]
LIBRARY_TYPE = [
"static",
"relocatable",
]
PRJ_BUILD = [
"Debug",
"Release",
]
PRJ_SOCKLIB = [
"gnat",
"ipv6",
"ipv4",
]
PRJ_TARGET = [
"Windows_NT",
"UNIX",
"Darwin",
"vxworks",
"freebsd",
]
[solution.state.release.gpr-set-externals]
PRJ_LAL = "Disabled"
PRJ_TARGET = "UNIX"
SOCKET = "openssl"
TARGET = "x86_64-linux-gnu"
[solution.state.release.origin]
hashes = [
"sha512:57fddf8f59e39a08822ae2d0640ade3e3e3e9a7c76c06007c7df5a07e3b59cc7c9be001bfaeb10d64db924f343688f6a72deba175315d4d02d913c307070a635",
]
url = "https://github.com/AdaCore/aws/releases/download/v21.0.0/aws-21.0.0.zip"
[[solution.state.release.actions]]
command = [
"make",
"setup",
"build",
"install",
"ZLIB=false",
"DEMOS=false",
"LAL=false",
"XMLADA=false",
"prefix=install_dir",
"PRJ_BUILD=Release",
]
directory = "."
type = "post-fetch"
[[solution.state.release.depends-on]]
gnat = ">=9"
make = "*"
openssl = "*"
xmlada = "~21.0.0"
[[solution.state]]
crate = "gnat"
fulfilment = "solved"
pinned = false
transitivity = "indirect"
versions = ">=9"
[solution.state.release]
auto-gpr-with = false
description = "The GNAT Ada compiler - Native"
licenses = "GPL-3.0-or-later AND GPL-3.0-or-later WITH GCC-exception-3.1"
maintainers = [
"Fabien Chouteau <chouteau@adacore.com>",
"CÃ©sar Sagaert <sagaert@adacore.com>",
]
maintainers-logins = [
"Fabien-Chouteau",
"AldanTanneo",
]
name = "gnat_native"
provides = [
"gnat=16.1.0",
]
version = "16.1.0"
website = "https://github.com/alire-project/GNAT-FSF-builds"
[solution.state.release.configuration]
auto_gpr_with = true
disabled = true
generate_ada = true
generate_c = true
generate_gpr = true
output_dir = "config"
[solution.state.release.environment]
[solution.state.release.environment.LD_LIBRARY_PATH]
prepend = "${CRATE_ROOT}/lib64"
[solution.state.release.environment.LD_RUN_PATH]
prepend = "${CRATE_ROOT}/lib64"
[solution.state.release.environment.LIBRARY_PATH]
prepend = "${CRATE_ROOT}/lib64"
[solution.state.release.environment.PATH]
prepend = "${CRATE_ROOT}/bin"
[solution.state.release.origin]
binary = true
hashes = [
"sha256:9f74f58a827a2ad40dd84c72a413e75ea52888e0d8f7e252fba4d26762402703",
]
url = "https://github.com/alire-project/GNAT-FSF-builds/releases/download/gnat-16.1.0-1/gnat-x86_64-linux-16.1.0-1.tar.gz"
[[solution.state]]
crate = "gnatcoll"
fulfilment = "solved"
pinned = false
transitivity = "direct"
versions = "26.0.0"
[solution.state.release]
authors = [
"AdaCore",
]
description = "GNAT Components Collection - Core packages"
licenses = "GPL-3.0-or-later WITH GCC-exception-3.1"
maintainers = [
"chouteau@adacore.com",
"sagaert@adacore.com",
]
maintainers-logins = [
"Fabien-Chouteau",
"AldanTanneo",
]
name = "gnatcoll"
project-files = [
"core/gnatcoll_core.gpr",
]
tags = [
"gnatcoll",
"json",
"email",
"refcount",
"vfs",
]
version = "26.0.0"
website = "https://github.com/adacore/gnatcoll-core"
[solution.state.release.configuration]
auto_gpr_with = true
disabled = true
generate_ada = true
generate_c = true
generate_gpr = true
output_dir = "config"
[solution.state.release.gpr-externals]
GNATCOLL_BLAKE3_ARCH = [
"x86_64-linux",
"aarch64-linux",
"x86_64-windows",
"generic",
]
GNATCOLL_MADVISE = [
"yes",
"no",
]
GNATCOLL_MMAP = [
"yes",
"no",
]
GNATCOLL_XXHASH_ARCH = [
"x86_64",
"generic",
]
[solution.state.release.origin]
hashes = [
"sha512:cc5dd0a199115fee269ec1ef963b80abbb56e3029e817d5dbfe71e90fff09d0535ae5be86dedb6d3fbcc74cfa2f3e2e7885de800e5805f9f596507814dce6d4b",
]
url = "https://github.com/AdaCore/gnatcoll-core/archive/refs/tags/v26.0.0.zip"
[[solution.state.release.depends-on]]
gnat = ">=14"
gnatcoll_minimal = "~26.0.0"
[[solution.state]]
crate = "gnatcoll_minimal"
fulfilment = "solved"
pinned = false
transitivity = "indirect"
versions = "~26.0.0"
[solution.state.release]
authors = [
"AdaCore",
]
description = "GNAT Components Collection - Minimal"
licenses = "GPL-3.0-or-later WITH GCC-exception-3.1"
maintainers = [
"chouteau@adacore.com",
"sagaert@adacore.com",
]
maintainers-logins = [
"Fabien-Chouteau",
"AldanTanneo",
]
name = "gnatcoll_minimal"
project-files = [
"minimal/gnatcoll_minimal.gpr",
]
tags = [
"gnatcoll",
"asserts",
"encoders",
"stream",
"storage",
]
version = "26.0.0"
website = "https://github.com/adacore/gnatcoll-core"
[solution.state.release.configuration]
auto_gpr_with = true
disabled = true
generate_ada = true
generate_c = true
generate_gpr = true
output_dir = "config"
[solution.state.release.gpr-externals]
GNATCOLL_BUILD_MODE = [
"DEBUG",
"PROD",
]
GNATCOLL_OS = [
"windows",
"unix",
"osx",
]
LIBRARY_TYPE = [
"static",
"relocatable",
"static-pic",
]
[solution.state.release.gpr-set-externals]
GNATCOLL_OS = "unix"
GNATCOLL_VERSION = "26.0.0"
[solution.state.release.origin]
hashes = [
"sha512:cc5dd0a199115fee269ec1ef963b80abbb56e3029e817d5dbfe71e90fff09d0535ae5be86dedb6d3fbcc74cfa2f3e2e7885de800e5805f9f596507814dce6d4b",
]
url = "https://github.com/AdaCore/gnatcoll-core/archive/refs/tags/v26.0.0.zip"
[[solution.state.release.depends-on]]
gnat = ">=14"
[[solution.state]]
crate = "gnatprove"
fulfilment = "solved"
pinned = false
transitivity = "indirect"
versions = "16.1.0"
[solution.state.release]
authors = [
"AdaCore",
]
auto-gpr-with = false
description = "Automatic formal verification of SPARK code"
licenses = "GPL-3.0-or-later"
long-description = "GNATprove, which provides automatic formal verification of SPARK code, is based on the [open-source](https://github.com/AdaCore/spark2014) [SPARK Pro](https://www.adacore.com/sparkpro) by [AdaCore](https://www.adacore.com).\nThe [SPARK Pro User's Guide](https://docs.adacore.com/spark2014-docs/html/ug/index.html) provides extensive documentation on how to use GNATprove.\nNote that because this version of GNATprove is built from an intermediate commit of SPARK Pro, it is not representative of any specific SPARK Pro release, and the SPARK Pro documentation may describe features or capabilities that are not yet available in this version of GNATprove.\n\nTo use GNATprove, simply add it to your Alire project using\n\n    alr with gnatprove\n\nYou will then be able to run GNATprove:\n\n    alr gnatprove\n\nFor more details on getting started using GNATprove, see [Getting Started with SPARK](https://docs.adacore.com/spark2014-docs/html/ug/en/getting_started.html) from the [SPARK Pro User's Guide](https://docs.adacore.com/spark2014-docs/html/ug/index.html).\n\nTo get started with the SPARK language, see the [Introduction to SPARK](https://learn.adacore.com/courses/intro-to-spark/index.html) course on [learn.adacore.com](https://learn.adacore.com/index.html).\n"
maintainers = [
"Fabien Chouteau <chouteau@adacore.com>",
"CÃ©sar Sagaert <sagaert@adacore.com>",
]
maintainers-logins = [
"Fabien-Chouteau",
"AldanTanneo",
]
name = "gnatprove"
version = "16.1.0"
website = "https://docs.adacore.com/spark2014-docs/html/ug/index.html"
[solution.state.release.configuration]
auto_gpr_with = true
disabled = true
generate_ada = true
generate_c = true
generate_gpr = true
output_dir = "config"
[solution.state.release.environment]
[solution.state.release.environment.PATH]
prepend = "${CRATE_ROOT}/bin"
[solution.state.release.origin]
binary = true
hashes = [
"sha256:82528bef29857e239373fcc36732837d743f5a00805d502c70455422ffc97191",
]
url = "https://github.com/alire-project/GNAT-FSF-builds/releases/download/gnatprove-16.1.0-1/gnatprove-x86_64-linux-16.1.0-1.tar.gz"
[[solution.state]]
crate = "make"
fulfilment = "solved"
pinned = false
transitivity = "indirect"
versions = "*"
[solution.state.release]
description = "Utility for directing compilation"
maintainers = [
"alejandro@mosteo.com",
]
maintainers-logins = [
"mosteo",
]
name = "make"
notes = "Provided by system package: make"
version = "4.4.1"
[solution.state.release.origin]
url = "system:make"
[[solution.state]]
crate = "openssl"
fulfilment = "solved"
pinned = false
transitivity = "indirect"
versions = "*"
[solution.state.release]
description = "The Open Source toolkit for SSL and TLS"
licenses = "OpenSSL"
maintainers = [
"Anton Fediushin <imantonmeep@gmail.com>",
]
maintainers-logins = [
"AntonMeep",
]
name = "openssl"
notes = "Provided by system package: openssl"
tags = [
"openssl",
"cryptography",
"security",
"ssl",
"tls",
]
version = "3.6.3"
website = "https://www.openssl.org"
[solution.state.release.origin]
url = "system:openssl"
[[solution.state]]
crate = "paperclips_core"
fulfilment = "linked"
pinned = false
transitivity = "direct"
versions = "*"
[solution.state.link]
lockfiled = true
path = "../core"
[[solution.state]]
crate = "xmlada"
fulfilment = "solved"
pinned = false
transitivity = "indirect"
versions = "~21.0.0"
[solution.state.release]
authors = [
"AdaCore",
]
description = "The XML/Ada toolkit"
licenses = "GPL-3.0-only WITH GCC-exception-3.1"
maintainers = [
"chouteau@adacore.com",
]
maintainers-logins = [
"Fabien-Chouteau",
]
name = "xmlada"
project-files = [
"distrib/xmlada.gpr",
"dom/xmlada_dom.gpr",
"sax/xmlada_sax.gpr",
"input_sources/xmlada_input.gpr",
"schema/xmlada_schema.gpr",
"unicode/xmlada_unicode.gpr",
]
version = "21.0.0"
website = "https://github.com/AdaCore/xmlada"
[solution.state.release.gpr-externals]
LIBRARY_TYPE = [
"static",
"relocatable",
"static-pic",
]
XMLADA_BUILD_MODE = [
"distrib",
"Debug",
"Production",
"profile",
"coverage",
"nochecks",
]
[solution.state.release.origin]
hashes = [
"sha512:836d189061b188d0b766d559972938da59c1b950c15cda8209c4c5175fa03db0ef714270635ffed2d14e2bb3957f97625f5eef07c815606ac0191be268694d98",
]
url = "https://github.com/AdaCore/xmlada/archive/v21.0.0/xmlada-21.0.0.zip"
[[solution.state.release.actions]]
command = [
"sh",
"configure",
]
directory = "."
type = "post-fetch"

